
Microsoft Visual Studio Solution File, Format Version 12.00
# Visual Studio 14
VisualStudioVersion = 14.0.25420.1
MinimumVisualStudioVersion = 10.0.40219.1
Project("{FAE04EC0-301F-11D3-BF4B-00C04F79EFBC}") = "CommunicatorServer", "CommunicatorServer\CommunicatorServer.csproj", "{C481FDBE-0958-489A-B34A-0F02481F89BC}"
EndProject
Global
	GlobalSection(SolutionConfigurationPlatforms) = preSolution
		Debug|Any CPU = Debug|Any CPU
		Release|Any CPU = Release|Any CPU
	EndGlobalSection
	GlobalSection(ProjectConfigurationPlatforms) = postSolution
		{C481FDBE-0958-489A-B34A-0F02481F89BC}.Debug|Any CPU.ActiveCfg = Debug|Any CPU
		{C481FDBE-0958-489A-B34A-0F02481F89BC}.Debug|Any CPU.Build.0 = Debug|Any CPU
		{C481FDBE-0958-489A-B34A-0F02481F89BC}.Release|Any CPU.ActiveCfg = Release|Any CPU
		{C481FDBE-0958-489A-B34A-0F02481F89BC}.Release|Any CPU.Build.0 = Release|Any CPU
	EndGlobalSection
	GlobalSection(SolutionProperties) = preSolution
		HideSolutionNode = FALSE
	EndGlobalSection
EndGlobal
